
Microsoft Visual Studio Solution File, Format Version 12.00
# Visual Studio 2017
Project("{FAE04EC0-301F-11D3-BF4B-00C04F79EFBC}") = "belfast reflection", "belfast reflection.csproj", "{CFBBF7F3-7B6C-3E4F-5AC3-E2CFC515A292}"
EndProject
Global
	GlobalSection(SolutionConfigurationPlatforms) = preSolution
		Debug|Any CPU = Debug|Any CPU
		Release|Any CPU = Release|Any CPU
	EndGlobalSection
	GlobalSection(ProjectConfigurationPlatforms) = postSolution
		{CFBBF7F3-7B6C-3E4F-5AC3-E2CFC515A292}.Debug|Any CPU.ActiveCfg = Debug|Any CPU
		{CFBBF7F3-7B6C-3E4F-5AC3-E2CFC515A292}.Debug|Any CPU.Build.0 = Debug|Any CPU
		{CFBBF7F3-7B6C-3E4F-5AC3-E2CFC515A292}.Release|Any CPU.ActiveCfg = Release|Any CPU
		{CFBBF7F3-7B6C-3E4F-5AC3-E2CFC515A292}.Release|Any CPU.Build.0 = Release|Any CPU
	EndGlobalSection
	GlobalSection(SolutionProperties) = preSolution
		HideSolutionNode = FALSE
	EndGlobalSection
EndGlobal
